// !$*UTF8*$!
{
	archiveVersion = 1;
	classes = {
	};
	objectVersion = 50;
	objects = {

/* Begin PBXBuildFile section */
		5E633BC32070448A00616A3A /* AppDelegate.swift in Sources */ = {isa = PBXBuildFile; fileRef = 5E633BC22070448A00616A3A /* AppDelegate.swift */; };
		5E633BC52070448A00616A3A /* ViewController.swift in Sources */ = {isa = PBXBuildFile; fileRef = 5E633BC42070448A00616A3A /* ViewController.swift */; };
		5E633BC82070448A00616A3A /* Main.storyboard in Resources */ = {isa = PBXBuildFile; fileRef = 5E633BC62070448A00616A3A /* Main.storyboard */; };
		5E633BCA2070448B00616A3A /* Assets.xcassets in Resources */ = {isa = PBXBuildFile; fileRef = 5E633BC92070448B00616A3A /* Assets.xcassets */; };
		5E633BCD2070448B00616A3A /* LaunchScreen.storyboard in Resources */ = {isa = PBXBuildFile; fileRef = 5E633BCB2070448B00616A3A /* LaunchScreen.storyboard */; };
		5E633BD82070448B00616A3A /* ConcourseTestTests.swift in Sources */ = {isa = PBXBuildFile; fileRef = 5E633BD72070448B00616A3A /* ConcourseTestTests.swift */; };
/* End PBXBuildFile section */

/* Begin PBXContainerItemProxy section */
		5E633BD42070448B00616A3A /* PBXContainerItemProxy */ = {
			isa = PBXContainerItemProxy;
			containerPortal = 5E633BB72070448A00616A3A /* Project object */;
			proxyType = 1;
			remoteGlobalIDString = 5E633BBE2070448A00616A3A;
			remoteInfo = ConcourseTest;
		};
/* End PBXContainerItemProxy section */

/* Begin PBXFileReference section */
		5E633BBF2070448A00616A3A /* ConcourseTest.app */ = {isa = PBXFileReference; explicitFileType = wrapper.application; includeInIndex = 0; path = ConcourseTest.app; sourceTree = BUILT_PRODUCTS_DIR; };
		5E633BC22070448A00616A3A /* AppDelegate.swift */ = {isa = PBXFileReference; lastKnownFileType = sourcecode.swift; path = AppDelegate.swift; sourceTree = "<group>"; };
		5E633BC42070448A00616A3A /* ViewController.swift */ = {isa = PBXFileReference; lastKnownFileType = sourcecode.swift; path = ViewController.swift; sourceTree = "<group>"; };
		5E633BC72070448A00616A3A /* Base */ = {isa = PBXFileReference; lastKnownFileType = file.storyboard; name = Base; path = Base.lproj/Main.storyboard; sourceTree = "<group>"; };
		5E633BC92070448B00616A3A /* Assets.xcassets */ = {isa = PBXFileReference; lastKnownFileType = folder.assetcatalog; path = Assets.xcassets; sourceTree = "<group>"; };
		5E633BCC2070448B00616A3A /* Base */ = {isa = PBXFileReference; lastKnownFileType = file.storyboard; name = Base; path = Base.lproj/LaunchScreen.storyboard; sourceTree = "<group>"; };
		5E633BCE2070448B00616A3A /* Info.plist */ = {isa = PBXFileReference; lastKnownFileType = text.plist.xml; path = Info.plist; sourceTree = "<group>"; };
		5E633BD32070448B00616A3A /* ConcourseTestTests.xctest */ = {isa = PBXFileReference; explicitFileType = wrapper.cfbundle; includeInIndex = 0; path = ConcourseTestTests.xctest; sourceTree = BUILT_PRODUCTS_DIR; };
		5E633BD72070448B00616A3A /* ConcourseTestTests.swift */ = {isa = PBXFileReference; lastKnownFileType = sourcecode.swift; path = ConcourseTestTests.swift; sourceTree = "<group>"; };
		5E633BD92070448B00616A3A /* Info.plist */ = {isa = PBXFileReference; lastKnownFileType = text.plist.xml; path = Info.plist; sourceTree = "<group>"; };
/* End PBXFileReference section */

/* Begin PBXFrameworksBuildPhase section */
		5E633BBC2070448A00616A3A /* Frameworks */ = {
			isa = PBXFrameworksBuildPhase;
			buildActionMask = 2147483647;
			files = (
			);
			runOnlyForDeploymentPostprocessing = 0;
		};
		5E633BD02070448B00616A3A /* Frameworks */ = {
			isa = PBXFrameworksBuildPhase;
			buildActionMask = 2147483647;
			files = (
			);
			runOnlyForDeploymentPostprocessing = 0;
		};
/* End PBXFrameworksBuildPhase section */

/* Begin PBXGroup section */
		5E633BB62070448A00616A3A = {
			isa = PBXGroup;
			children = (
				5E633BC12070448A00616A3A /* ConcourseTest */,
				5E633BD62070448B00616A3A /* ConcourseTestTests */,
				5E633BC02070448A00616A3A /* Products */,
			);
			sourceTree = "<group>";
		};
		5E633BC02070448A00616A3A /* Products */ = {
			isa = PBXGroup;
			children = (
				5E633BBF2070448A00616A3A /* ConcourseTest.app */,
				5E633BD32070448B00616A3A /* ConcourseTestTests.xctest */,
			);
			name = Products;
			sourceTree = "<group>";
		};
		5E633BC12070448A00616A3A /* ConcourseTest */ = {
			isa = PBXGroup;
			children = (
				5E633BC22070448A00616A3A /* AppDelegate.swift */,
				5E633BC42070448A00616A3A /* ViewController.swift */,
				5E633BC62070448A00616A3A /* Main.storyboard */,
				5E633BC92070448B00616A3A /* Assets.xcassets */,
				5E633BCB2070448B00616A3A /* LaunchScreen.storyboard */,
				5E633BCE2070448B00616A3A /* Info.plist */,
			);
			path = ConcourseTest;
			sourceTree = "<group>";
		};
		5E633BD62070448B00616A3A /* ConcourseTestTests */ = {
			isa = PBXGroup;
			children = (
				5E633BD72070448B00616A3A /* ConcourseTestTests.swift */,
				5E633BD92070448B00616A3A /* Info.plist */,
			);
			path = ConcourseTestTests;
			sourceTree = "<group>";
		};
/* End PBXGroup section */

/* Begin PBXNativeTarget section */
		5E633BBE2070448A00616A3A /* ConcourseTest */ = {
			isa = PBXNativeTarget;
			buildConfigurationList = 5E633BDC2070448B00616A3A /* Build configuration list for PBXNativeTarget "ConcourseTest" */;
			buildPhases = (
				5E633BBB2070448A00616A3A /* Sources */,
				5E633BBC2070448A00616A3A /* Frameworks */,
				5E633BBD2070448A00616A3A /* Resources */,
			);
			buildRules = (
			);
			dependencies = (
			);
			name = ConcourseTest;
			productName = ConcourseTest;
			productReference = 5E633BBF2070448A00616A3A /* ConcourseTest.app */;
			productType = "com.apple.product-type.application";
		};
		5E633BD22070448B00616A3A /* ConcourseTestTests */ = {
			isa = PBXNativeTarget;
			buildConfigurationList = 5E633BDF2070448B00616A3A /* Build configuration list for PBXNativeTarget "ConcourseTestTests" */;
			buildPhases = (
				5E633BCF2070448B00616A3A /* Sources */,
				5E633BD02070448B00616A3A /* Frameworks */,
				5E633BD12070448B00616A3A /* Resources */,
			);
			buildRules = (
			);
			dependencies = (
				5E633BD52070448B00616A3A /* PBXTargetDependency */,
			);
			name = ConcourseTestTests;
			productName = ConcourseTestTests;
			productReference = 5E633BD32070448B00616A3A /* ConcourseTestTests.xctest */;
			productType = "com.apple.product-type.bundle.unit-test";
		};
/* End PBXNativeTarget section */

/* Begin PBXProject section */
		5E633BB72070448A00616A3A /* Project object */ = {
			isa = PBXProject;
			attributes = {
				LastSwiftUpdateCheck = 0930;
				LastUpgradeCheck = 0930;
				ORGANIZATIONNAME = test;
				TargetAttributes = {
					5E633BBE2070448A00616A3A = {
						CreatedOnToolsVersion = 9.3;
					};
					5E633BD22070448B00616A3A = {
						CreatedOnToolsVersion = 9.3;
						TestTargetID = 5E633BBE2070448A00616A3A;
					};
				};
			};
			buildConfigurationList = 5E633BBA2070448A00616A3A /* Build configuration list for PBXProject "ConcourseTest" */;
			compatibilityVersion = "Xcode 9.3";
			developmentRegion = en;
			hasScannedForEncodings = 0;
			knownRegions = (
				en,
				Base,
			);
			mainGroup = 5E633BB62070448A00616A3A;
			productRefGroup = 5E633BC02070448A00616A3A /* Products */;
			projectDirPath = "";
			projectRoot = "";
			targets = (
				5E633BBE2070448A00616A3A /* ConcourseTest */,
				5E633BD22070448B00616A3A /* ConcourseTestTests */,
			);
		};
/* End PBXProject section */

/* Begin PBXResourcesBuildPhase section */
		5E633BBD2070448A00616A3A /* Resources */ = {
			isa = PBXResourcesBuildPhase;
			buildActionMask = 2147483647;
			files = (
				5E633BCD2070448B00616A3A /* LaunchScreen.storyboard in Resources */,
				5E633BCA2070448B00616A3A /* Assets.xcassets in Resources */,
				5E633BC82070448A00616A3A /* Main.storyboard in Resources */,
			);
			runOnlyForDeploymentPostprocessing = 0;
		};
		5E633BD12070448B00616A3A /* Resources */ = {
			isa = PBXResourcesBuildPhase;
			buildActionMask = 2147483647;
			files = (
			);
			runOnlyForDeploymentPostprocessing = 0;
		};
/* End PBXResourcesBuildPhase section */

/* Begin PBXSourcesBuildPhase section */
		5E633BBB2070448A00616A3A /* Sources */ = {
			isa = PBXSourcesBuildPhase;
			buildActionMask = 2147483647;
			files = (
				5E633BC52070448A00616A3A /* ViewController.swift in Sources */,
				5E633BC32070448A00616A3A /* AppDelegate.swift in Sources */,
			);
			runOnlyForDeploymentPostprocessing = 0;
		};
		5E633BCF2070448B00616A3A /* Sources */ = {
			isa = PBXSourcesBuildPhase;
			buildActionMask = 2147483647;
			files = (
				5E633BD82070448B00616A3A /* ConcourseTestTests.swift in Sources */,
			);
			runOnlyForDeploymentPostprocessing = 0;
		};
/* End PBXSourcesBuildPhase section */

/* Begin PBXTargetDependency section */
		5E633BD52070448B00616A3A /* PBXTargetDependency */ = {
			isa = PBXTargetDependency;
			target = 5E633BBE2070448A00616A3A /* ConcourseTest */;
			targetProxy = 5E633BD42070448B00616A3A /* PBXContainerItemProxy */;
		};
/* End PBXTargetDependency section */

/* Begin PBXVariantGroup section */
		5E633BC62070448A00616A3A /* Main.storyboard */ = {
			isa = PBXVariantGroup;
			children = (
				5E633BC72070448A00616A3A /* Base */,
			);
			name = Main.storyboard;
			sourceTree = "<group>";
		};
		5E633BCB2070448B00616A3A /* LaunchScreen.storyboard */ = {
			isa = PBXVariantGroup;
			children = (
				5E633BCC2070448B00616A3A /* Base */,
			);
			name = LaunchScreen.storyboard;
			sourceTree = "<group>";
		};
/* End PBXVariantGroup section */

/* Begin XCBuildConfiguration section */
		5E633BDA2070448B00616A3A /* Debug */ = {
			isa = XCBuildConfiguration;
			buildSettings = {
				ALWAYS_SEARCH_USER_PATHS = NO;
				CLANG_ANALYZER_NONNULL = YES;
				CLANG_ANALYZER_NUMBER_OBJECT_CONVERSION = YES_AGGRESSIVE;
				CLANG_CXX_LANGUAGE_STANDARD = "gnu++14";
				CLANG_CXX_LIBRARY = "libc++";
				CLANG_ENABLE_MODULES = YES;
				CLANG_ENABLE_OBJC_ARC = YES;
				CLANG_ENABLE_OBJC_WEAK = YES;
				CLANG_WARN_BLOCK_CAPTURE_AUTORELEASING = YES;
				CLANG_WARN_BOOL_CONVERSION = YES;
				CLANG_WARN_COMMA = YES;
				CLANG_WARN_CONSTANT_CONVERSION = YES;
				CLANG_WARN_DEPRECATED_OBJC_IMPLEMENTATIONS = YES;
				CLANG_WARN_DIRECT_OBJC_ISA_USAGE = YES_ERROR;
				CLANG_WARN_DOCUMENTATION_COMMENTS = YES;
				CLANG_WARN_EMPTY_BODY = YES;
				CLANG_WARN_ENUM_CONVERSION = YES;
				CLANG_WARN_INFINITE_RECURSION = YES;
				CLANG_WARN_INT_CONVERSION = YES;
				CLANG_WARN_NON_LITERAL_NULL_CONVERSION = YES;
				CLANG_WARN_OBJC_IMPLICIT_RETAIN_SELF = YES;
				CLANG_WARN_OBJC_LITERAL_CONVERSION = YES;
				CLANG_WARN_OBJC_ROOT_CLASS = YES_ERROR;
				CLANG_WARN_RANGE_LOOP_ANALYSIS = YES;
				CLANG_WARN_STRICT_PROTOTYPES = YES;
				CLANG_WARN_SUSPICIOUS_MOVE = YES;
				CLANG_WARN_UNGUARDED_AVAILABILITY = YES_AGGRESSIVE;
				CLANG_WARN_UNREACHABLE_CODE = YES;
				CLANG_WARN__DUPLICATE_METHOD_MATCH = YES;
				CODE_SIGN_IDENTITY = "iPhone Developer";
				COPY_PHASE_STRIP = NO;
				DEBUG_INFORMATION_FORMAT = dwarf;
				ENABLE_STRICT_OBJC_MSGSEND = YES;
				ENABLE_TESTABILITY = YES;
				GCC_C_LANGUAGE_STANDARD = gnu11;
				GCC_DYNAMIC_NO_PIC = NO;
				GCC_NO_COMMON_BLOCKS = YES;
				GCC_OPTIMIZATION_LEVEL = 0;
				GCC_PREPROCESSOR_DEFINITIONS = (
					"DEBUG=1",
					"$(inherited)",
				);
				GCC_WARN_64_TO_32_BIT_CONVERSION = YES;
				GCC_WARN_ABOUT_RETURN_TYPE = YES_ERROR;
				GCC_WARN_UNDECLARED_SELECTOR = YES;
				GCC_WARN_UNINITIALIZED_AUTOS = YES_AGGRESSIVE;
				GCC_WARN_UNUSED_FUNCTION = YES;
				GCC_WARN_UNUSED_VARIABLE = YES;
				IPHONEOS_DEPLOYMENT_TARGET = 11.3;
				MTL_ENABLE_DEBUG_INFO = YES;
				ONLY_ACTIVE_ARCH = YES;
				SDKROOT = iphoneos;
				SWIFT_ACTIVE_COMPILATION_CONDITIONS = DEBUG;
				SWIFT_OPTIMIZATION_LEVEL = "-Onone";
			};
			name = Debug;
		};
		5E633BDB2070448B00616A3A /* Release */ = {
			isa = XCBuildConfiguration;
			buildSettings = {
				ALWAYS_SEARCH_USER_PATHS = NO;
				CLANG_ANALYZER_NONNULL = YES;
				CLANG_ANALYZER_NUMBER_OBJECT_CONVERSION = YES_AGGRESSIVE;
				CLANG_CXX_LANGUAGE_STANDARD = "gnu++14";
				CLANG_CXX_LIBRARY = "libc++";
				CLANG_ENABLE_MODULES = YES;
				CLANG_ENABLE_OBJC_ARC = YES;
				CLANG_ENABLE_OBJC_WEAK = YES;
				CLANG_WARN_BLOCK_CAPTURE_AUTORELEASING = YES;
				CLANG_WARN_BOOL_CONVERSION = YES;
				CLANG_WARN_COMMA = YES;
				CLANG_WARN_CONSTANT_CONVERSION = YES;
				CLANG_WARN_DEPRECATED_OBJC_IMPLEMENTATIONS = YES;
				CLANG_WARN_DIRECT_OBJC_ISA_USAGE = YES_ERROR;
				CLANG_WARN_DOCUMENTATION_COMMENTS = YES;
				CLANG_WARN_EMPTY_BODY = YES;
				CLANG_WARN_ENUM_CONVERSION = YES;
				CLANG_WARN_INFINITE_RECURSION = YES;
				CLANG_WARN_INT_CONVERSION = YES;
				CLANG_WARN_NON_LITERAL_NULL_CONVERSION = YES;
				CLANG_WARN_OBJC_IMPLICIT_RETAIN_SELF = YES;
				CLANG_WARN_OBJC_LITERAL_CONVERSION = YES;
				CLANG_WARN_OBJC_ROOT_CLASS = YES_ERROR;
				CLANG_WARN_RANGE_LOOP_ANALYSIS = YES;
				CLANG_WARN_STRICT_PROTOTYPES = YES;
				CLANG_WARN_SUSPICIOUS_MOVE = YES;
				CLANG_WARN_UNGUARDED_AVAILABILITY = YES_AGGRESSIVE;
				CLANG_WARN_UNREACHABLE_CODE = YES;
				CLANG_WARN__DUPLICATE_METHOD_MATCH = YES;
				CODE_SIGN_IDENTITY = "iPhone Developer";
				COPY_PHASE_STRIP = NO;
				DEBUG_INFORMATION_FORMAT = "dwarf-with-dsym";
				ENABLE_NS_ASSERTIONS = NO;
				ENABLE_STRICT_OBJC_MSGSEND = YES;
				GCC_C_LANGUAGE_STANDARD = gnu11;
				GCC_NO_COMMON_BLOCKS = YES;
				GCC_WARN_64_TO_32_BIT_CONVERSION = YES;
				GCC_WARN_ABOUT_RETURN_TYPE = YES_ERROR;
				GCC_WARN_UNDECLARED_SELECTOR = YES;
				GCC_WARN_UNINITIALIZED_AUTOS = YES_AGGRESSIVE;
				GCC_WARN_UNUSED_FUNCTION = YES;
				GCC_WARN_UNUSED_VARIABLE = YES;
				IPHONEOS_DEPLOYMENT_TARGET = 11.3;
				MTL_ENABLE_DEBUG_INFO = NO;
				SDKROOT = iphoneos;
				SWIFT_COMPILATION_MODE = wholemodule;
				SWIFT_OPTIMIZATION_LEVEL = "-O";
				VALIDATE_PRODUCT = YES;
			};
			name = Release;
		};
		5E633BDD2070448B00616A3A /* Debug */ = {
			isa = XCBuildConfiguration;
			buildSettings = {
				ASSETCATALOG_COMPILER_APPICON_NAME = AppIcon;
				CODE_SIGN_STYLE = Automatic;
				DEVELOPMENT_TEAM = QWKKLM397G;
				INFOPLIST_FILE = ConcourseTest/Info.plist;
				LD_RUNPATH_SEARCH_PATHS = (
					"$(inherited)",
					"@executable_path/Frameworks",
				);
				PRODUCT_BUNDLE_IDENTIFIER = com.test.ConcourseTest;
				PRODUCT_NAME = "$(TARGET_NAME)";
				SWIFT_VERSION = 4.0;
				TARGETED_DEVICE_FAMILY = "1,2";
			};
			name = Debug;
		};
		5E633BDE2070448B00616A3A /* Release */ = {
			isa = XCBuildConfiguration;
			buildSettings = {
				ASSETCATALOG_COMPILER_APPICON_NAME = AppIcon;
				CODE_SIGN_STYLE = Automatic;
				DEVELOPMENT_TEAM = QWKKLM397G;
				INFOPLIST_FILE = ConcourseTest/Info.plist;
				LD_RUNPATH_SEARCH_PATHS = (
					"$(inherited)",
					"@executable_path/Frameworks",
				);
				PRODUCT_BUNDLE_IDENTIFIER = com.test.ConcourseTest;
				PRODUCT_NAME = "$(TARGET_NAME)";
				SWIFT_VERSION = 4.0;
				TARGETED_DEVICE_FAMILY = "1,2";
			};
			name = Release;
		};
		5E633BE02070448B00616A3A /* Debug */ = {
			isa = XCBuildConfiguration;
			buildSettings = {
				ALWAYS_EMBED_SWIFT_STANDARD_LIBRARIES = YES;
				BUNDLE_LOADER = "$(TEST_HOST)";
				CODE_SIGN_STYLE = Automatic;
				DEVELOPMENT_TEAM = QWKKLM397G;
				INFOPLIST_FILE = ConcourseTestTests/Info.plist;
				LD_RUNPATH_SEARCH_PATHS = (
					"$(inherited)",
					"@executable_path/Frameworks",
					"@loader_path/Frameworks",
				);
				PRODUCT_BUNDLE_IDENTIFIER = com.test.ConcourseTestTests;
				PRODUCT_NAME = "$(TARGET_NAME)";
				SWIFT_VERSION = 4.0;
				TARGETED_DEVICE_FAMILY = "1,2";
				TEST_HOST = "$(BUILT_PRODUCTS_DIR)/ConcourseTest.app/ConcourseTest";
			};
			name = Debug;
		};
		5E633BE12070448B00616A3A /* Release */ = {
			isa = XCBuildConfiguration;
			buildSettings = {
				ALWAYS_EMBED_SWIFT_STANDARD_LIBRARIES = YES;
				BUNDLE_LOADER = "$(TEST_HOST)";
				CODE_SIGN_STYLE = Automatic;
				DEVELOPMENT_TEAM = QWKKLM397G;
				INFOPLIST_FILE = ConcourseTestTests/Info.plist;
				LD_RUNPATH_SEARCH_PATHS = (
					"$(inherited)",
					"@executable_path/Frameworks",
					"@loader_path/Frameworks",
				);
				PRODUCT_BUNDLE_IDENTIFIER = com.test.ConcourseTestTests;
				PRODUCT_NAME = "$(TARGET_NAME)";
				SWIFT_VERSION = 4.0;
				TARGETED_DEVICE_FAMILY = "1,2";
				TEST_HOST = "$(BUILT_PRODUCTS_DIR)/ConcourseTest.app/ConcourseTest";
			};
			name = Release;
		};
/* End XCBuildConfiguration section */

/* Begin XCConfigurationList section */
		5E633BBA2070448A00616A3A /* Build configuration list for PBXProject "ConcourseTest" */ = {
			isa = XCConfigurationList;
			buildConfigurations = (
				5E633BDA2070448B00616A3A /* Debug */,
				5E633BDB2070448B00616A3A /* Release */,
			);
			defaultConfigurationIsVisible = 0;
			defaultConfigurationName = Release;
		};
		5E633BDC2070448B00616A3A /* Build configuration list for PBXNativeTarget "ConcourseTest" */ = {
			isa = XCConfigurationList;
			buildConfigurations = (
				5E633BDD2070448B00616A3A /* Debug */,
				5E633BDE2070448B00616A3A /* Release */,
			);
			defaultConfigurationIsVisible = 0;
			defaultConfigurationName = Release;
		};
		5E633BDF2070448B00616A3A /* Build configuration list for PBXNativeTarget "ConcourseTestTests" */ = {
			isa = XCConfigurationList;
			buildConfigurations = (
				5E633BE02070448B00616A3A /* Debug */,
				5E633BE12070448B00616A3A /* Release */,
			);
			defaultConfigurationIsVisible = 0;
			defaultConfigurationName = Release;
		};
/* End XCConfigurationList section */
	};
	rootObject = 5E633BB72070448A00616A3A /* Project object */;
}
